
Microsoft Visual Studio Solution File, Format Version 12.00
# Visual Studio Version 17
VisualStudioVersion = 17.9.34728.123
MinimumVisualStudioVersion = 10.0.40219.1
Project("{FAE04EC0-301F-11D3-BF4B-00C04F79EFBC}") = "Client", "Client\Client.csproj", "{18575FAD-6200-4168-9228-44EF3DCB794D}"
EndProject
Project("{FAE04EC0-301F-11D3-BF4B-00C04F79EFBC}") = "Server", "Server\Server.csproj", "{B4F2559D-7C80-4C17-BE57-552E18DCE7A1}"
EndProject
Project("{FAE04EC0-301F-11D3-BF4B-00C04F79EFBC}") = "Shared", "Shared\Shared.csproj", "{5FCB60AA-54F9-40E3-A58F-7CC2EFC9F2BC}"
EndProject
Global
	GlobalSection(SolutionConfigurationPlatforms) = preSolution
		Debug|Any CPU = Debug|Any CPU
		Release|Any CPU = Release|Any CPU
	EndGlobalSection
	GlobalSection(ProjectConfigurationPlatforms) = postSolution
		{18575FAD-6200-4168-9228-44EF3DCB794D}.Debug|Any CPU.ActiveCfg = Debug|Any CPU
		{18575FAD-6200-4168-9228-44EF3DCB794D}.Debug|Any CPU.Build.0 = Debug|Any CPU
		{18575FAD-6200-4168-9228-44EF3DCB794D}.Release|Any CPU.ActiveCfg = Release|Any CPU
		{18575FAD-6200-4168-9228-44EF3DCB794D}.Release|Any CPU.Build.0 = Release|Any CPU
		{B4F2559D-7C80-4C17-BE57-552E18DCE7A1}.Debug|Any CPU.ActiveCfg = Debug|Any CPU
		{B4F2559D-7C80-4C17-BE57-552E18DCE7A1}.Debug|Any CPU.Build.0 = Debug|Any CPU
		{B4F2559D-7C80-4C17-BE57-552E18DCE7A1}.Release|Any CPU.ActiveCfg = Release|Any CPU
		{B4F2559D-7C80-4C17-BE57-552E18DCE7A1}.Release|Any CPU.Build.0 = Release|Any CPU
		{5FCB60AA-54F9-40E3-A58F-7CC2EFC9F2BC}.Debug|Any CPU.ActiveCfg = Debug|Any CPU
		{5FCB60AA-54F9-40E3-A58F-7CC2EFC9F2BC}.Debug|Any CPU.Build.0 = Debug|Any CPU
		{5FCB60AA-54F9-40E3-A58F-7CC2EFC9F2BC}.Release|Any CPU.ActiveCfg = Release|Any CPU
		{5FCB60AA-54F9-40E3-A58F-7CC2EFC9F2BC}.Release|Any CPU.Build.0 = Release|Any CPU
	EndGlobalSection
	GlobalSection(SolutionProperties) = preSolution
		HideSolutionNode = FALSE
	EndGlobalSection
	GlobalSection(ExtensibilityGlobals) = postSolution
		SolutionGuid = {D3C51B5D-E770-4FF1-9568-49EA408F2656}
	EndGlobalSection
EndGlobal
